
Microsoft Visual Studio Solution File, Format Version 12.00
# Visual Studio 14
VisualStudioVersion = 14.0.25420.1
MinimumVisualStudioVersion = 10.0.40219.1
Project("{FAE04EC0-301F-11D3-BF4B-00C04F79EFBC}") = "04. LocalProjectWeb", "LocalProject\04. LocalProjectWeb.csproj", "{7E5E7DC7-52C0-4334-8B3C-CA9957F23A75}"
EndProject
Project("{00D1A9C2-B5F0-4AF3-8072-F6C62B433612}") = "01. LocalDatabase", "LocalDatabase\01. LocalDatabase.sqlproj", "{8D1824EE-B964-47FA-9147-F845A99FF57A}"
EndProject
Project("{FAE04EC0-301F-11D3-BF4B-00C04F79EFBC}") = "02. DAL", "DAL\02. DAL.csproj", "{5247797B-E30D-4A4A-9CEE-EE51459D4B90}"
EndProject
Project("{FAE04EC0-301F-11D3-BF4B-00C04F79EFBC}") = "03. Model", "Model\03. Model.csproj", "{4FAF49BB-0E9F-4A14-8682-9F2AA258C883}"
EndProject
Global
	GlobalSection(SolutionConfigurationPlatforms) = preSolution
		Debug|Any CPU = Debug|Any CPU
		Release|Any CPU = Release|Any CPU
	EndGlobalSection
	GlobalSection(ProjectConfigurationPlatforms) = postSolution
		{7E5E7DC7-52C0-4334-8B3C-CA9957F23A75}.Debug|Any CPU.ActiveCfg = Debug|Any CPU
		{7E5E7DC7-52C0-4334-8B3C-CA9957F23A75}.Debug|Any CPU.Build.0 = Debug|Any CPU
		{7E5E7DC7-52C0-4334-8B3C-CA9957F23A75}.Release|Any CPU.ActiveCfg = Release|Any CPU
		{7E5E7DC7-52C0-4334-8B3C-CA9957F23A75}.Release|Any CPU.Build.0 = Release|Any CPU
		{8D1824EE-B964-47FA-9147-F845A99FF57A}.Debug|Any CPU.ActiveCfg = Debug|Any CPU
		{8D1824EE-B964-47FA-9147-F845A99FF57A}.Debug|Any CPU.Build.0 = Debug|Any CPU
		{8D1824EE-B964-47FA-9147-F845A99FF57A}.Debug|Any CPU.Deploy.0 = Debug|Any CPU
		{8D1824EE-B964-47FA-9147-F845A99FF57A}.Release|Any CPU.ActiveCfg = Release|Any CPU
		{8D1824EE-B964-47FA-9147-F845A99FF57A}.Release|Any CPU.Build.0 = Release|Any CPU
		{8D1824EE-B964-47FA-9147-F845A99FF57A}.Release|Any CPU.Deploy.0 = Release|Any CPU
		{5247797B-E30D-4A4A-9CEE-EE51459D4B90}.Debug|Any CPU.ActiveCfg = Debug|Any CPU
		{5247797B-E30D-4A4A-9CEE-EE51459D4B90}.Debug|Any CPU.Build.0 = Debug|Any CPU
		{5247797B-E30D-4A4A-9CEE-EE51459D4B90}.Release|Any CPU.ActiveCfg = Release|Any CPU
		{5247797B-E30D-4A4A-9CEE-EE51459D4B90}.Release|Any CPU.Build.0 = Release|Any CPU
		{4FAF49BB-0E9F-4A14-8682-9F2AA258C883}.Debug|Any CPU.ActiveCfg = Debug|Any CPU
		{4FAF49BB-0E9F-4A14-8682-9F2AA258C883}.Debug|Any CPU.Build.0 = Debug|Any CPU
		{4FAF49BB-0E9F-4A14-8682-9F2AA258C883}.Release|Any CPU.ActiveCfg = Release|Any CPU
		{4FAF49BB-0E9F-4A14-8682-9F2AA258C883}.Release|Any CPU.Build.0 = Release|Any CPU
	EndGlobalSection
	GlobalSection(SolutionProperties) = preSolution
		HideSolutionNode = FALSE
	EndGlobalSection
EndGlobal
